
Microsoft Visual Studio Solution File, Format Version 12.00
# Visual Studio Version 16
VisualStudioVersion = 16.0.31702.278
MinimumVisualStudioVersion = 10.0.40219.1
Project("{F2A71F9B-5D33-465A-A702-920D77279786}") = "SodiumSample1", "SodiumSample1\SodiumSample1.fsproj", "{5C413E21-EEC6-4859-88ED-B117C0734F6C}"
EndProject
Project("{F2A71F9B-5D33-465A-A702-920D77279786}") = "CounterpartSample1", "CounterpartSample1\CounterpartSample1.fsproj", "{14877CC1-92A0-4304-B9EC-D6A49E89CF99}"
EndProject
Project("{FAE04EC0-301F-11D3-BF4B-00C04F79EFBC}") = "CsSodiumSample1", "CsSodiumSample1\CsSodiumSample1.csproj", "{98E09E16-BCF3-43E9-BBE2-D01035601090}"
EndProject
Global
	GlobalSection(SolutionConfigurationPlatforms) = preSolution
		Debug|Any CPU = Debug|Any CPU
		Release|Any CPU = Release|Any CPU
	EndGlobalSection
	GlobalSection(ProjectConfigurationPlatforms) = postSolution
		{5C413E21-EEC6-4859-88ED-B117C0734F6C}.Debug|Any CPU.ActiveCfg = Debug|Any CPU
		{5C413E21-EEC6-4859-88ED-B117C0734F6C}.Debug|Any CPU.Build.0 = Debug|Any CPU
		{5C413E21-EEC6-4859-88ED-B117C0734F6C}.Release|Any CPU.ActiveCfg = Release|Any CPU
		{5C413E21-EEC6-4859-88ED-B117C0734F6C}.Release|Any CPU.Build.0 = Release|Any CPU
		{14877CC1-92A0-4304-B9EC-D6A49E89CF99}.Debug|Any CPU.ActiveCfg = Debug|Any CPU
		{14877CC1-92A0-4304-B9EC-D6A49E89CF99}.Debug|Any CPU.Build.0 = Debug|Any CPU
		{14877CC1-92A0-4304-B9EC-D6A49E89CF99}.Release|Any CPU.ActiveCfg = Release|Any CPU
		{14877CC1-92A0-4304-B9EC-D6A49E89CF99}.Release|Any CPU.Build.0 = Release|Any CPU
		{98E09E16-BCF3-43E9-BBE2-D01035601090}.Debug|Any CPU.ActiveCfg = Debug|Any CPU
		{98E09E16-BCF3-43E9-BBE2-D01035601090}.Debug|Any CPU.Build.0 = Debug|Any CPU
		{98E09E16-BCF3-43E9-BBE2-D01035601090}.Release|Any CPU.ActiveCfg = Release|Any CPU
		{98E09E16-BCF3-43E9-BBE2-D01035601090}.Release|Any CPU.Build.0 = Release|Any CPU
	EndGlobalSection
	GlobalSection(SolutionProperties) = preSolution
		HideSolutionNode = FALSE
	EndGlobalSection
	GlobalSection(ExtensibilityGlobals) = postSolution
		SolutionGuid = {A360DCDA-845C-43A5-B7B8-DEBC931D1C77}
	EndGlobalSection
EndGlobal
